// !$*UTF8*$!
{
	archiveVersion = 1;
	classes = {
	};
	objectVersion = 56;
	objects = {

/* Begin PBXBuildFile section */
		933A01CB2B28D5E400FE2C1D /* SwiftUI_MVVM_ArchitectureApp.swift in Sources */ = {isa = PBXBuildFile; fileRef = 933A01CA2B28D5E400FE2C1D /* SwiftUI_MVVM_ArchitectureApp.swift */; };
		933A01CD2B28D5E400FE2C1D /* ContentView.swift in Sources */ = {isa = PBXBuildFile; fileRef = 933A01CC2B28D5E400FE2C1D /* ContentView.swift */; };
		933A01CF2B28D5E600FE2C1D /* Assets.xcassets in Resources */ = {isa = PBXBuildFile; fileRef = 933A01CE2B28D5E600FE2C1D /* Assets.xcassets */; };
		933A01D22B28D5E600FE2C1D /* Preview Assets.xcassets in Resources */ = {isa = PBXBuildFile; fileRef = 933A01D12B28D5E600FE2C1D /* Preview Assets.xcassets */; };
		933A01DC2B28D5E600FE2C1D /* SwiftUI_MVVM_ArchitectureTests.swift in Sources */ = {isa = PBXBuildFile; fileRef = 933A01DB2B28D5E600FE2C1D /* SwiftUI_MVVM_ArchitectureTests.swift */; };
		933A01E62B28D5E600FE2C1D /* SwiftUI_MVVM_ArchitectureUITests.swift in Sources */ = {isa = PBXBuildFile; fileRef = 933A01E52B28D5E600FE2C1D /* SwiftUI_MVVM_ArchitectureUITests.swift */; };
		933A01E82B28D5E600FE2C1D /* SwiftUI_MVVM_ArchitectureUITestsLaunchTests.swift in Sources */ = {isa = PBXBuildFile; fileRef = 933A01E72B28D5E600FE2C1D /* SwiftUI_MVVM_ArchitectureUITestsLaunchTests.swift */; };
		933A01FD2B28DA0400FE2C1D /* Swinject in Frameworks */ = {isa = PBXBuildFile; productRef = 933A01FC2B28DA0400FE2C1D /* Swinject */; };
/* End PBXBuildFile section */

/* Begin PBXContainerItemProxy section */
		933A01D82B28D5E600FE2C1D /* PBXContainerItemProxy */ = {
			isa = PBXContainerItemProxy;
			containerPortal = 933A01BF2B28D5E400FE2C1D /* Project object */;
			proxyType = 1;
			remoteGlobalIDString = 933A01C62B28D5E400FE2C1D;
			remoteInfo = "SwiftUI-MVVM-Architecture";
		};
		933A01E22B28D5E600FE2C1D /* PBXContainerItemProxy */ = {
			isa = PBXContainerItemProxy;
			containerPortal = 933A01BF2B28D5E400FE2C1D /* Project object */;
			proxyType = 1;
			remoteGlobalIDString = 933A01C62B28D5E400FE2C1D;
			remoteInfo = "SwiftUI-MVVM-Architecture";
		};
/* End PBXContainerItemProxy section */

/* Begin PBXFileReference section */
		933A01C72B28D5E400FE2C1D /* SwiftUI-MVVM-Architecture.app */ = {isa = PBXFileReference; explicitFileType = wrapper.application; includeInIndex = 0; path = "SwiftUI-MVVM-Architecture.app"; sourceTree = BUILT_PRODUCTS_DIR; };
		933A01CA2B28D5E400FE2C1D /* SwiftUI_MVVM_ArchitectureApp.swift */ = {isa = PBXFileReference; lastKnownFileType = sourcecode.swift; path = SwiftUI_MVVM_ArchitectureApp.swift; sourceTree = "<group>"; };
		933A01CC2B28D5E400FE2C1D /* ContentView.swift */ = {isa = PBXFileReference; lastKnownFileType = sourcecode.swift; path = ContentView.swift; sourceTree = "<group>"; };
		933A01CE2B28D5E600FE2C1D /* Assets.xcassets */ = {isa = PBXFileReference; lastKnownFileType = folder.assetcatalog; path = Assets.xcassets; sourceTree = "<group>"; };
		933A01D12B28D5E600FE2C1D /* Preview Assets.xcassets */ = {isa = PBXFileReference; lastKnownFileType = folder.assetcatalog; path = "Preview Assets.xcassets"; sourceTree = "<group>"; };
		933A01D72B28D5E600FE2C1D /* SwiftUI-MVVM-ArchitectureTests.xctest */ = {isa = PBXFileReference; explicitFileType = wrapper.cfbundle; includeInIndex = 0; path = "SwiftUI-MVVM-ArchitectureTests.xctest"; sourceTree = BUILT_PRODUCTS_DIR; };
		933A01DB2B28D5E600FE2C1D /* SwiftUI_MVVM_ArchitectureTests.swift */ = {isa = PBXFileReference; lastKnownFileType = sourcecode.swift; path = SwiftUI_MVVM_ArchitectureTests.swift; sourceTree = "<group>"; };
		933A01E12B28D5E600FE2C1D /* SwiftUI-MVVM-ArchitectureUITests.xctest */ = {isa = PBXFileReference; explicitFileType = wrapper.cfbundle; includeInIndex = 0; path = "SwiftUI-MVVM-ArchitectureUITests.xctest"; sourceTree = BUILT_PRODUCTS_DIR; };
		933A01E52B28D5E600FE2C1D /* SwiftUI_MVVM_ArchitectureUITests.swift */ = {isa = PBXFileReference; lastKnownFileType = sourcecode.swift; path = SwiftUI_MVVM_ArchitectureUITests.swift; sourceTree = "<group>"; };
		933A01E72B28D5E600FE2C1D /* SwiftUI_MVVM_ArchitectureUITestsLaunchTests.swift */ = {isa = PBXFileReference; lastKnownFileType = sourcecode.swift; path = SwiftUI_MVVM_ArchitectureUITestsLaunchTests.swift; sourceTree = "<group>"; };
/* End PBXFileReference section */

/* Begin PBXFrameworksBuildPhase section */
		933A01C42B28D5E400FE2C1D /* Frameworks */ = {
			isa = PBXFrameworksBuildPhase;
			buildActionMask = 2147483647;
			files = (
				933A01FD2B28DA0400FE2C1D /* Swinject in Frameworks */,
			);
			runOnlyForDeploymentPostprocessing = 0;
		};
		933A01D42B28D5E600FE2C1D /* Frameworks */ = {
			isa = PBXFrameworksBuildPhase;
			buildActionMask = 2147483647;
			files = (
			);
			runOnlyForDeploymentPostprocessing = 0;
		};
		933A01DE2B28D5E600FE2C1D /* Frameworks */ = {
			isa = PBXFrameworksBuildPhase;
			buildActionMask = 2147483647;
			files = (
			);
			runOnlyForDeploymentPostprocessing = 0;
		};
/* End PBXFrameworksBuildPhase section */

/* Begin PBXGroup section */
		933A01BE2B28D5E400FE2C1D = {
			isa = PBXGroup;
			children = (
				933A01C92B28D5E400FE2C1D /* SwiftUI-MVVM-Architecture */,
				933A01DA2B28D5E600FE2C1D /* SwiftUI-MVVM-ArchitectureTests */,
				933A01E42B28D5E600FE2C1D /* SwiftUI-MVVM-ArchitectureUITests */,
				933A01C82B28D5E400FE2C1D /* Products */,
			);
			sourceTree = "<group>";
		};
		933A01C82B28D5E400FE2C1D /* Products */ = {
			isa = PBXGroup;
			children = (
				933A01C72B28D5E400FE2C1D /* SwiftUI-MVVM-Architecture.app */,
				933A01D72B28D5E600FE2C1D /* SwiftUI-MVVM-ArchitectureTests.xctest */,
				933A01E12B28D5E600FE2C1D /* SwiftUI-MVVM-ArchitectureUITests.xctest */,
			);
			name = Products;
			sourceTree = "<group>";
		};
		933A01C92B28D5E400FE2C1D /* SwiftUI-MVVM-Architecture */ = {
			isa = PBXGroup;
			children = (
				933A01F42B28D73D00FE2C1D /* DI */,
				933A01F62B28D75100FE2C1D /* Data */,
				933A01F82B28D76400FE2C1D /* UI */,
				933A01F92B28D77F00FE2C1D /* Extension */,
				933A01FA2B28D78E00FE2C1D /* Common */,
				933A01CA2B28D5E400FE2C1D /* SwiftUI_MVVM_ArchitectureApp.swift */,
				933A01CC2B28D5E400FE2C1D /* ContentView.swift */,
				933A01CE2B28D5E600FE2C1D /* Assets.xcassets */,
				933A01D02B28D5E600FE2C1D /* Preview Content */,
			);
			path = "SwiftUI-MVVM-Architecture";
			sourceTree = "<group>";
		};
		933A01D02B28D5E600FE2C1D /* Preview Content */ = {
			isa = PBXGroup;
			children = (
				933A01D12B28D5E600FE2C1D /* Preview Assets.xcassets */,
			);
			path = "Preview Content";
			sourceTree = "<group>";
		};
		933A01DA2B28D5E600FE2C1D /* SwiftUI-MVVM-ArchitectureTests */ = {
			isa = PBXGroup;
			children = (
				933A01DB2B28D5E600FE2C1D /* SwiftUI_MVVM_ArchitectureTests.swift */,
			);
			path = "SwiftUI-MVVM-ArchitectureTests";
			sourceTree = "<group>";
		};
		933A01E42B28D5E600FE2C1D /* SwiftUI-MVVM-ArchitectureUITests */ = {
			isa = PBXGroup;
			children = (
				933A01E52B28D5E600FE2C1D /* SwiftUI_MVVM_ArchitectureUITests.swift */,
				933A01E72B28D5E600FE2C1D /* SwiftUI_MVVM_ArchitectureUITestsLaunchTests.swift */,
			);
			path = "SwiftUI-MVVM-ArchitectureUITests";
			sourceTree = "<group>";
		};
		933A01F42B28D73D00FE2C1D /* DI */ = {
			isa = PBXGroup;
			children = (
				933A01F52B28D74400FE2C1D /* Container */,
			);
			path = DI;
			sourceTree = "<group>";
		};
		933A01F52B28D74400FE2C1D /* Container */ = {
			isa = PBXGroup;
			children = (
			);
			path = Container;
			sourceTree = "<group>";
		};
		933A01F62B28D75100FE2C1D /* Data */ = {
			isa = PBXGroup;
			children = (
				933A01F72B28D75800FE2C1D /* API */,
			);
			path = Data;
			sourceTree = "<group>";
		};
		933A01F72B28D75800FE2C1D /* API */ = {
			isa = PBXGroup;
			children = (
			);
			path = API;
			sourceTree = "<group>";
		};
		933A01F82B28D76400FE2C1D /* UI */ = {
			isa = PBXGroup;
			children = (
			);
			path = UI;
			sourceTree = "<group>";
		};
		933A01F92B28D77F00FE2C1D /* Extension */ = {
			isa = PBXGroup;
			children = (
			);
			path = Extension;
			sourceTree = "<group>";
		};
		933A01FA2B28D78E00FE2C1D /* Common */ = {
			isa = PBXGroup;
			children = (
			);
			path = Common;
			sourceTree = "<group>";
		};
/* End PBXGroup section */

/* Begin PBXNativeTarget section */
		933A01C62B28D5E400FE2C1D /* SwiftUI-MVVM-Architecture */ = {
			isa = PBXNativeTarget;
			buildConfigurationList = 933A01EB2B28D5E600FE2C1D /* Build configuration list for PBXNativeTarget "SwiftUI-MVVM-Architecture" */;
			buildPhases = (
				933A01C32B28D5E400FE2C1D /* Sources */,
				933A01C42B28D5E400FE2C1D /* Frameworks */,
				933A01C52B28D5E400FE2C1D /* Resources */,
			);
			buildRules = (
			);
			dependencies = (
			);
			name = "SwiftUI-MVVM-Architecture";
			packageProductDependencies = (
				933A01FC2B28DA0400FE2C1D /* Swinject */,
			);
			productName = "SwiftUI-MVVM-Architecture";
			productReference = 933A01C72B28D5E400FE2C1D /* SwiftUI-MVVM-Architecture.app */;
			productType = "com.apple.product-type.application";
		};
		933A01D62B28D5E600FE2C1D /* SwiftUI-MVVM-ArchitectureTests */ = {
			isa = PBXNativeTarget;
			buildConfigurationList = 933A01EE2B28D5E600FE2C1D /* Build configuration list for PBXNativeTarget "SwiftUI-MVVM-ArchitectureTests" */;
			buildPhases = (
				933A01D32B28D5E600FE2C1D /* Sources */,
				933A01D42B28D5E600FE2C1D /* Frameworks */,
				933A01D52B28D5E600FE2C1D /* Resources */,
			);
			buildRules = (
			);
			dependencies = (
				933A01D92B28D5E600FE2C1D /* PBXTargetDependency */,
			);
			name = "SwiftUI-MVVM-ArchitectureTests";
			productName = "SwiftUI-MVVM-ArchitectureTests";
			productReference = 933A01D72B28D5E600FE2C1D /* SwiftUI-MVVM-ArchitectureTests.xctest */;
			productType = "com.apple.product-type.bundle.unit-test";
		};
		933A01E02B28D5E600FE2C1D /* SwiftUI-MVVM-ArchitectureUITests */ = {
			isa = PBXNativeTarget;
			buildConfigurationList = 933A01F12B28D5E600FE2C1D /* Build configuration list for PBXNativeTarget "SwiftUI-MVVM-ArchitectureUITests" */;
			buildPhases = (
				933A01DD2B28D5E600FE2C1D /* Sources */,
				933A01DE2B28D5E600FE2C1D /* Frameworks */,
				933A01DF2B28D5E600FE2C1D /* Resources */,
			);
			buildRules = (
			);
			dependencies = (
				933A01E32B28D5E600FE2C1D /* PBXTargetDependency */,
			);
			name = "SwiftUI-MVVM-ArchitectureUITests";
			productName = "SwiftUI-MVVM-ArchitectureUITests";
			productReference = 933A01E12B28D5E600FE2C1D /* SwiftUI-MVVM-ArchitectureUITests.xctest */;
			productType = "com.apple.product-type.bundle.ui-testing";
		};
/* End PBXNativeTarget section */

/* Begin PBXProject section */
		933A01BF2B28D5E400FE2C1D /* Project object */ = {
			isa = PBXProject;
			attributes = {
				BuildIndependentTargetsInParallel = 1;
				LastSwiftUpdateCheck = 1410;
				LastUpgradeCheck = 1410;
				TargetAttributes = {
					933A01C62B28D5E400FE2C1D = {
						CreatedOnToolsVersion = 14.1;
					};
					933A01D62B28D5E600FE2C1D = {
						CreatedOnToolsVersion = 14.1;
						TestTargetID = 933A01C62B28D5E400FE2C1D;
					};
					933A01E02B28D5E600FE2C1D = {
						CreatedOnToolsVersion = 14.1;
						TestTargetID = 933A01C62B28D5E400FE2C1D;
					};
				};
			};
			buildConfigurationList = 933A01C22B28D5E400FE2C1D /* Build configuration list for PBXProject "SwiftUI-MVVM-Architecture" */;
			compatibilityVersion = "Xcode 14.0";
			developmentRegion = en;
			hasScannedForEncodings = 0;
			knownRegions = (
				en,
				Base,
			);
			mainGroup = 933A01BE2B28D5E400FE2C1D;
			packageReferences = (
				933A01FB2B28DA0400FE2C1D /* XCRemoteSwiftPackageReference "Swinject" */,
			);
			productRefGroup = 933A01C82B28D5E400FE2C1D /* Products */;
			projectDirPath = "";
			projectRoot = "";
			targets = (
				933A01C62B28D5E400FE2C1D /* SwiftUI-MVVM-Architecture */,
				933A01D62B28D5E600FE2C1D /* SwiftUI-MVVM-ArchitectureTests */,
				933A01E02B28D5E600FE2C1D /* SwiftUI-MVVM-ArchitectureUITests */,
			);
		};
/* End PBXProject section */

/* Begin PBXResourcesBuildPhase section */
		933A01C52B28D5E400FE2C1D /* Resources */ = {
			isa = PBXResourcesBuildPhase;
			buildActionMask = 2147483647;
			files = (
				933A01D22B28D5E600FE2C1D /* Preview Assets.xcassets in Resources */,
				933A01CF2B28D5E600FE2C1D /* Assets.xcassets in Resources */,
			);
			runOnlyForDeploymentPostprocessing = 0;
		};
		933A01D52B28D5E600FE2C1D /* Resources */ = {
			isa = PBXResourcesBuildPhase;
			buildActionMask = 2147483647;
			files = (
			);
			runOnlyForDeploymentPostprocessing = 0;
		};
		933A01DF2B28D5E600FE2C1D /* Resources */ = {
			isa = PBXResourcesBuildPhase;
			buildActionMask = 2147483647;
			files = (
			);
			runOnlyForDeploymentPostprocessing = 0;
		};
/* End PBXResourcesBuildPhase section */

/* Begin PBXSourcesBuildPhase section */
		933A01C32B28D5E400FE2C1D /* Sources */ = {
			isa = PBXSourcesBuildPhase;
			buildActionMask = 2147483647;
			files = (
				933A01CD2B28D5E400FE2C1D /* ContentView.swift in Sources */,
				933A01CB2B28D5E400FE2C1D /* SwiftUI_MVVM_ArchitectureApp.swift in Sources */,
			);
			runOnlyForDeploymentPostprocessing = 0;
		};
		933A01D32B28D5E600FE2C1D /* Sources */ = {
			isa = PBXSourcesBuildPhase;
			buildActionMask = 2147483647;
			files = (
				933A01DC2B28D5E600FE2C1D /* SwiftUI_MVVM_ArchitectureTests.swift in Sources */,
			);
			runOnlyForDeploymentPostprocessing = 0;
		};
		933A01DD2B28D5E600FE2C1D /* Sources */ = {
			isa = PBXSourcesBuildPhase;
			buildActionMask = 2147483647;
			files = (
				933A01E62B28D5E600FE2C1D /* SwiftUI_MVVM_ArchitectureUITests.swift in Sources */,
				933A01E82B28D5E600FE2C1D /* SwiftUI_MVVM_ArchitectureUITestsLaunchTests.swift in Sources */,
			);
			runOnlyForDeploymentPostprocessing = 0;
		};
/* End PBXSourcesBuildPhase section */

/* Begin PBXTargetDependency section */
		933A01D92B28D5E600FE2C1D /* PBXTargetDependency */ = {
			isa = PBXTargetDependency;
			target = 933A01C62B28D5E400FE2C1D /* SwiftUI-MVVM-Architecture */;
			targetProxy = 933A01D82B28D5E600FE2C1D /* PBXContainerItemProxy */;
		};
		933A01E32B28D5E600FE2C1D /* PBXTargetDependency */ = {
			isa = PBXTargetDependency;
			target = 933A01C62B28D5E400FE2C1D /* SwiftUI-MVVM-Architecture */;
			targetProxy = 933A01E22B28D5E600FE2C1D /* PBXContainerItemProxy */;
		};
/* End PBXTargetDependency section */

/* Begin XCBuildConfiguration section */
		933A01E92B28D5E600FE2C1D /* Debug */ = {
			isa = XCBuildConfiguration;
			buildSettings = {
				ALWAYS_SEARCH_USER_PATHS = NO;
				CLANG_ANALYZER_NONNULL = YES;
				CLANG_ANALYZER_NUMBER_OBJECT_CONVERSION = YES_AGGRESSIVE;
				CLANG_CXX_LANGUAGE_STANDARD = "gnu++20";
				CLANG_ENABLE_MODULES = YES;
				CLANG_ENABLE_OBJC_ARC = YES;
				CLANG_ENABLE_OBJC_WEAK = YES;
				CLANG_WARN_BLOCK_CAPTURE_AUTORELEASING = YES;
				CLANG_WARN_BOOL_CONVERSION = YES;
				CLANG_WARN_COMMA = YES;
				CLANG_WARN_CONSTANT_CONVERSION = YES;
				CLANG_WARN_DEPRECATED_OBJC_IMPLEMENTATIONS = YES;
				CLANG_WARN_DIRECT_OBJC_ISA_USAGE = YES_ERROR;
				CLANG_WARN_DOCUMENTATION_COMMENTS = YES;
				CLANG_WARN_EMPTY_BODY = YES;
				CLANG_WARN_ENUM_CONVERSION = YES;
				CLANG_WARN_INFINITE_RECURSION = YES;
				CLANG_WARN_INT_CONVERSION = YES;
				CLANG_WARN_NON_LITERAL_NULL_CONVERSION = YES;
				CLANG_WARN_OBJC_IMPLICIT_RETAIN_SELF = YES;
				CLANG_WARN_OBJC_LITERAL_CONVERSION = YES;
				CLANG_WARN_OBJC_ROOT_CLASS = YES_ERROR;
				CLANG_WARN_QUOTED_INCLUDE_IN_FRAMEWORK_HEADER = YES;
				CLANG_WARN_RANGE_LOOP_ANALYSIS = YES;
				CLANG_WARN_STRICT_PROTOTYPES = YES;
				CLANG_WARN_SUSPICIOUS_MOVE = YES;
				CLANG_WARN_UNGUARDED_AVAILABILITY = YES_AGGRESSIVE;
				CLANG_WARN_UNREACHABLE_CODE = YES;
				CLANG_WARN__DUPLICATE_METHOD_MATCH = YES;
				COPY_PHASE_STRIP = NO;
				DEBUG_INFORMATION_FORMAT = dwarf;
				ENABLE_STRICT_OBJC_MSGSEND = YES;
				ENABLE_TESTABILITY = YES;
				GCC_C_LANGUAGE_STANDARD = gnu11;
				GCC_DYNAMIC_NO_PIC = NO;
				GCC_NO_COMMON_BLOCKS = YES;
				GCC_OPTIMIZATION_LEVEL = 0;
				GCC_PREPROCESSOR_DEFINITIONS = (
					"DEBUG=1",
					"$(inherited)",
				);
				GCC_WARN_64_TO_32_BIT_CONVERSION = YES;
				GCC_WARN_ABOUT_RETURN_TYPE = YES_ERROR;
				GCC_WARN_UNDECLARED_SELECTOR = YES;
				GCC_WARN_UNINITIALIZED_AUTOS = YES_AGGRESSIVE;
				GCC_WARN_UNUSED_FUNCTION = YES;
				GCC_WARN_UNUSED_VARIABLE = YES;
				IPHONEOS_DEPLOYMENT_TARGET = 16.1;
				MTL_ENABLE_DEBUG_INFO = INCLUDE_SOURCE;
				MTL_FAST_MATH = YES;
				ONLY_ACTIVE_ARCH = YES;
				SDKROOT = iphoneos;
				SWIFT_ACTIVE_COMPILATION_CONDITIONS = DEBUG;
				SWIFT_OPTIMIZATION_LEVEL = "-Onone";
			};
			name = Debug;
		};
		933A01EA2B28D5E600FE2C1D /* Release */ = {
			isa = XCBuildConfiguration;
			buildSettings = {
				ALWAYS_SEARCH_USER_PATHS = NO;
				CLANG_ANALYZER_NONNULL = YES;
				CLANG_ANALYZER_NUMBER_OBJECT_CONVERSION = YES_AGGRESSIVE;
				CLANG_CXX_LANGUAGE_STANDARD = "gnu++20";
				CLANG_ENABLE_MODULES = YES;
				CLANG_ENABLE_OBJC_ARC = YES;
				CLANG_ENABLE_OBJC_WEAK = YES;
				CLANG_WARN_BLOCK_CAPTURE_AUTORELEASING = YES;
				CLANG_WARN_BOOL_CONVERSION = YES;
				CLANG_WARN_COMMA = YES;
				CLANG_WARN_CONSTANT_CONVERSION = YES;
				CLANG_WARN_DEPRECATED_OBJC_IMPLEMENTATIONS = YES;
				CLANG_WARN_DIRECT_OBJC_ISA_USAGE = YES_ERROR;
				CLANG_WARN_DOCUMENTATION_COMMENTS = YES;
				CLANG_WARN_EMPTY_BODY = YES;
				CLANG_WARN_ENUM_CONVERSION = YES;
				CLANG_WARN_INFINITE_RECURSION = YES;
				CLANG_WARN_INT_CONVERSION = YES;
				CLANG_WARN_NON_LITERAL_NULL_CONVERSION = YES;
				CLANG_WARN_OBJC_IMPLICIT_RETAIN_SELF = YES;
				CLANG_WARN_OBJC_LITERAL_CONVERSION = YES;
				CLANG_WARN_OBJC_ROOT_CLASS = YES_ERROR;
				CLANG_WARN_QUOTED_INCLUDE_IN_FRAMEWORK_HEADER = YES;
				CLANG_WARN_RANGE_LOOP_ANALYSIS = YES;
				CLANG_WARN_STRICT_PROTOTYPES = YES;
				CLANG_WARN_SUSPICIOUS_MOVE = YES;
				CLANG_WARN_UNGUARDED_AVAILABILITY = YES_AGGRESSIVE;
				CLANG_WARN_UNREACHABLE_CODE = YES;
				CLANG_WARN__DUPLICATE_METHOD_MATCH = YES;
				COPY_PHASE_STRIP = NO;
				DEBUG_INFORMATION_FORMAT = "dwarf-with-dsym";
				ENABLE_NS_ASSERTIONS = NO;
				ENABLE_STRICT_OBJC_MSGSEND = YES;
				GCC_C_LANGUAGE_STANDARD = gnu11;
				GCC_NO_COMMON_BLOCKS = YES;
				GCC_WARN_64_TO_32_BIT_CONVERSION = YES;
				GCC_WARN_ABOUT_RETURN_TYPE = YES_ERROR;
				GCC_WARN_UNDECLARED_SELECTOR = YES;
				GCC_WARN_UNINITIALIZED_AUTOS = YES_AGGRESSIVE;
				GCC_WARN_UNUSED_FUNCTION = YES;
				GCC_WARN_UNUSED_VARIABLE = YES;
				IPHONEOS_DEPLOYMENT_TARGET = 16.1;
				MTL_ENABLE_DEBUG_INFO = NO;
				MTL_FAST_MATH = YES;
				SDKROOT = iphoneos;
				SWIFT_COMPILATION_MODE = wholemodule;
				SWIFT_OPTIMIZATION_LEVEL = "-O";
				VALIDATE_PRODUCT = YES;
			};
			name = Release;
		};
		933A01EC2B28D5E600FE2C1D /* Debug */ = {
			isa = XCBuildConfiguration;
			buildSettings = {
				ASSETCATALOG_COMPILER_APPICON_NAME = AppIcon;
				ASSETCATALOG_COMPILER_GLOBAL_ACCENT_COLOR_NAME = AccentColor;
				CODE_SIGN_STYLE = Automatic;
				CURRENT_PROJECT_VERSION = 1;
				DEVELOPMENT_ASSET_PATHS = "\"SwiftUI-MVVM-Architecture/Preview Content\"";
				DEVELOPMENT_TEAM = 99485X5JU5;
				ENABLE_PREVIEWS = YES;
				GENERATE_INFOPLIST_FILE = YES;
				INFOPLIST_KEY_UIApplicationSceneManifest_Generation = YES;
				INFOPLIST_KEY_UIApplicationSupportsIndirectInputEvents = YES;
				INFOPLIST_KEY_UILaunchScreen_Generation = YES;
				INFOPLIST_KEY_UISupportedInterfaceOrientations_iPad = "UIInterfaceOrientationPortrait UIInterfaceOrientationPortraitUpsideDown UIInterfaceOrientationLandscapeLeft UIInterfaceOrientationLandscapeRight";
				INFOPLIST_KEY_UISupportedInterfaceOrientations_iPhone = "UIInterfaceOrientationPortrait UIInterfaceOrientationLandscapeLeft UIInterfaceOrientationLandscapeRight";
				LD_RUNPATH_SEARCH_PATHS = (
					"$(inherited)",
					"@executable_path/Frameworks",
				);
				MARKETING_VERSION = 1.0;
				PRODUCT_BUNDLE_IDENTIFIER = "io.gauravtak.SwiftUI-MVVM-Architecture";
				PRODUCT_NAME = "$(TARGET_NAME)";
				SWIFT_EMIT_LOC_STRINGS = YES;
				SWIFT_VERSION = 5.0;
				TARGETED_DEVICE_FAMILY = "1,2";
			};
			name = Debug;
		};
		933A01ED2B28D5E600FE2C1D /* Release */ = {
			isa = XCBuildConfiguration;
			buildSettings = {
				ASSETCATALOG_COMPILER_APPICON_NAME = AppIcon;
				ASSETCATALOG_COMPILER_GLOBAL_ACCENT_COLOR_NAME = AccentColor;
				CODE_SIGN_STYLE = Automatic;
				CURRENT_PROJECT_VERSION = 1;
				DEVELOPMENT_ASSET_PATHS = "\"SwiftUI-MVVM-Architecture/Preview Content\"";
				DEVELOPMENT_TEAM = 99485X5JU5;
				ENABLE_PREVIEWS = YES;
				GENERATE_INFOPLIST_FILE = YES;
				INFOPLIST_KEY_UIApplicationSceneManifest_Generation = YES;
				INFOPLIST_KEY_UIApplicationSupportsIndirectInputEvents = YES;
				INFOPLIST_KEY_UILaunchScreen_Generation = YES;
				INFOPLIST_KEY_UISupportedInterfaceOrientations_iPad = "UIInterfaceOrientationPortrait UIInterfaceOrientationPortraitUpsideDown UIInterfaceOrientationLandscapeLeft UIInterfaceOrientationLandscapeRight";
				INFOPLIST_KEY_UISupportedInterfaceOrientations_iPhone = "UIInterfaceOrientationPortrait UIInterfaceOrientationLandscapeLeft UIInterfaceOrientationLandscapeRight";
				LD_RUNPATH_SEARCH_PATHS = (
					"$(inherited)",
					"@executable_path/Frameworks",
				);
				MARKETING_VERSION = 1.0;
				PRODUCT_BUNDLE_IDENTIFIER = "io.gauravtak.SwiftUI-MVVM-Architecture";
				PRODUCT_NAME = "$(TARGET_NAME)";
				SWIFT_EMIT_LOC_STRINGS = YES;
				SWIFT_VERSION = 5.0;
				TARGETED_DEVICE_FAMILY = "1,2";
			};
			name = Release;
		};
		933A01EF2B28D5E600FE2C1D /* Debug */ = {
			isa = XCBuildConfiguration;
			buildSettings = {
				ALWAYS_EMBED_SWIFT_STANDARD_LIBRARIES = YES;
				BUNDLE_LOADER = "$(TEST_HOST)";
				CODE_SIGN_STYLE = Automatic;
				CURRENT_PROJECT_VERSION = 1;
				DEVELOPMENT_TEAM = 99485X5JU5;
				GENERATE_INFOPLIST_FILE = YES;
				IPHONEOS_DEPLOYMENT_TARGET = 16.1;
				MARKETING_VERSION = 1.0;
				PRODUCT_BUNDLE_IDENTIFIER = "io.gauravtak.SwiftUI-MVVM-ArchitectureTests";
				PRODUCT_NAME = "$(TARGET_NAME)";
				SWIFT_EMIT_LOC_STRINGS = NO;
				SWIFT_VERSION = 5.0;
				TARGETED_DEVICE_FAMILY = "1,2";
				TEST_HOST = "$(BUILT_PRODUCTS_DIR)/SwiftUI-MVVM-Architecture.app/$(BUNDLE_EXECUTABLE_FOLDER_PATH)/SwiftUI-MVVM-Architecture";
			};
			name = Debug;
		};
		933A01F02B28D5E600FE2C1D /* Release */ = {
			isa = XCBuildConfiguration;
			buildSettings = {
				ALWAYS_EMBED_SWIFT_STANDARD_LIBRARIES = YES;
				BUNDLE_LOADER = "$(TEST_HOST)";
				CODE_SIGN_STYLE = Automatic;
				CURRENT_PROJECT_VERSION = 1;
				DEVELOPMENT_TEAM = 99485X5JU5;
				GENERATE_INFOPLIST_FILE = YES;
				IPHONEOS_DEPLOYMENT_TARGET = 16.1;
				MARKETING_VERSION = 1.0;
				PRODUCT_BUNDLE_IDENTIFIER = "io.gauravtak.SwiftUI-MVVM-ArchitectureTests";
				PRODUCT_NAME = "$(TARGET_NAME)";
				SWIFT_EMIT_LOC_STRINGS = NO;
				SWIFT_VERSION = 5.0;
				TARGETED_DEVICE_FAMILY = "1,2";
				TEST_HOST = "$(BUILT_PRODUCTS_DIR)/SwiftUI-MVVM-Architecture.app/$(BUNDLE_EXECUTABLE_FOLDER_PATH)/SwiftUI-MVVM-Architecture";
			};
			name = Release;
		};
		933A01F22B28D5E600FE2C1D /* Debug */ = {
			isa = XCBuildConfiguration;
			buildSettings = {
				ALWAYS_EMBED_SWIFT_STANDARD_LIBRARIES = YES;
				CODE_SIGN_STYLE = Automatic;
				CURRENT_PROJECT_VERSION = 1;
				DEVELOPMENT_TEAM = 99485X5JU5;
				GENERATE_INFOPLIST_FILE = YES;
				MARKETING_VERSION = 1.0;
				PRODUCT_BUNDLE_IDENTIFIER = "io.gauravtak.SwiftUI-MVVM-ArchitectureUITests";
				PRODUCT_NAME = "$(TARGET_NAME)";
				SWIFT_EMIT_LOC_STRINGS = NO;
				SWIFT_VERSION = 5.0;
				TARGETED_DEVICE_FAMILY = "1,2";
				TEST_TARGET_NAME = "SwiftUI-MVVM-Architecture";
			};
			name = Debug;
		};
		933A01F32B28D5E600FE2C1D /* Release */ = {
			isa = XCBuildConfiguration;
			buildSettings = {
				ALWAYS_EMBED_SWIFT_STANDARD_LIBRARIES = YES;
				CODE_SIGN_STYLE = Automatic;
				CURRENT_PROJECT_VERSION = 1;
				DEVELOPMENT_TEAM = 99485X5JU5;
				GENERATE_INFOPLIST_FILE = YES;
				MARKETING_VERSION = 1.0;
				PRODUCT_BUNDLE_IDENTIFIER = "io.gauravtak.SwiftUI-MVVM-ArchitectureUITests";
				PRODUCT_NAME = "$(TARGET_NAME)";
				SWIFT_EMIT_LOC_STRINGS = NO;
				SWIFT_VERSION = 5.0;
				TARGETED_DEVICE_FAMILY = "1,2";
				TEST_TARGET_NAME = "SwiftUI-MVVM-Architecture";
			};
			name = Release;
		};
/* End XCBuildConfiguration section */

/* Begin XCConfigurationList section */
		933A01C22B28D5E400FE2C1D /* Build configuration list for PBXProject "SwiftUI-MVVM-Architecture" */ = {
			isa = XCConfigurationList;
			buildConfigurations = (
				933A01E92B28D5E600FE2C1D /* Debug */,
				933A01EA2B28D5E600FE2C1D /* Release */,
			);
			defaultConfigurationIsVisible = 0;
			defaultConfigurationName = Release;
		};
		933A01EB2B28D5E600FE2C1D /* Build configuration list for PBXNativeTarget "SwiftUI-MVVM-Architecture" */ = {
			isa = XCConfigurationList;
			buildConfigurations = (
				933A01EC2B28D5E600FE2C1D /* Debug */,
				933A01ED2B28D5E600FE2C1D /* Release */,
			);
			defaultConfigurationIsVisible = 0;
			defaultConfigurationName = Release;
		};
		933A01EE2B28D5E600FE2C1D /* Build configuration list for PBXNativeTarget "SwiftUI-MVVM-ArchitectureTests" */ = {
			isa = XCConfigurationList;
			buildConfigurations = (
				933A01EF2B28D5E600FE2C1D /* Debug */,
				933A01F02B28D5E600FE2C1D /* Release */,
			);
			defaultConfigurationIsVisible = 0;
			defaultConfigurationName = Release;
		};
		933A01F12B28D5E600FE2C1D /* Build configuration list for PBXNativeTarget "SwiftUI-MVVM-ArchitectureUITests" */ = {
			isa = XCConfigurationList;
			buildConfigurations = (
				933A01F22B28D5E600FE2C1D /* Debug */,
				933A01F32B28D5E600FE2C1D /* Release */,
			);
			defaultConfigurationIsVisible = 0;
			defaultConfigurationName = Release;
		};
/* End XCConfigurationList section */

/* Begin XCRemoteSwiftPackageReference section */
		933A01FB2B28DA0400FE2C1D /* XCRemoteSwiftPackageReference "Swinject" */ = {
			isa = XCRemoteSwiftPackageReference;
			repositoryURL = "https://github.com/Swinject/Swinject";
			requirement = {
				branch = master;
				kind = branch;
			};
		};
/* End XCRemoteSwiftPackageReference section */

/* Begin XCSwiftPackageProductDependency section */
		933A01FC2B28DA0400FE2C1D /* Swinject */ = {
			isa = XCSwiftPackageProductDependency;
			package = 933A01FB2B28DA0400FE2C1D /* XCRemoteSwiftPackageReference "Swinject" */;
			productName = Swinject;
		};
/* End XCSwiftPackageProductDependency section */
	};
	rootObject = 933A01BF2B28D5E400FE2C1D /* Project object */;
}
